
Microsoft Visual Studio Solution File, Format Version 12.00
# Visual Studio Version 17
VisualStudioVersion = 17.3.32811.315
MinimumVisualStudioVersion = 10.0.40219.1
Project("{FAE04EC0-301F-11D3-BF4B-00C04F79EFBC}") = "PromotionEngine", "PromotionEngine\PromotionEngine.csproj", "{AF42AE8C-640C-4CF6-AEDC-06552F11A200}"
EndProject
Project("{FAE04EC0-301F-11D3-BF4B-00C04F79EFBC}") = "PromotionEngine.Test", "PromotionEngine.Test\PromotionEngine.Test.csproj", "{38E1F381-5701-490C-A8C9-F05675C00043}"
EndProject
Global
	GlobalSection(SolutionConfigurationPlatforms) = preSolution
		Debug|Any CPU = Debug|Any CPU
		Release|Any CPU = Release|Any CPU
	EndGlobalSection
	GlobalSection(ProjectConfigurationPlatforms) = postSolution
		{AF42AE8C-640C-4CF6-AEDC-06552F11A200}.Debug|Any CPU.ActiveCfg = Debug|Any CPU
		{AF42AE8C-640C-4CF6-AEDC-06552F11A200}.Debug|Any CPU.Build.0 = Debug|Any CPU
		{AF42AE8C-640C-4CF6-AEDC-06552F11A200}.Release|Any CPU.ActiveCfg = Release|Any CPU
		{AF42AE8C-640C-4CF6-AEDC-06552F11A200}.Release|Any CPU.Build.0 = Release|Any CPU
		{38E1F381-5701-490C-A8C9-F05675C00043}.Debug|Any CPU.ActiveCfg = Debug|Any CPU
		{38E1F381-5701-490C-A8C9-F05675C00043}.Debug|Any CPU.Build.0 = Debug|Any CPU
		{38E1F381-5701-490C-A8C9-F05675C00043}.Release|Any CPU.ActiveCfg = Release|Any CPU
		{38E1F381-5701-490C-A8C9-F05675C00043}.Release|Any CPU.Build.0 = Release|Any CPU
	EndGlobalSection
	GlobalSection(SolutionProperties) = preSolution
		HideSolutionNode = FALSE
	EndGlobalSection
	GlobalSection(ExtensibilityGlobals) = postSolution
		SolutionGuid = {EC1DC3C9-BF55-4CC2-B2D7-924670646D6C}
	EndGlobalSection
EndGlobal
